// !$*UTF8*$!
{
	archiveVersion = 1;
	classes = {
	};
	objectVersion = 51;
	objects = {

/* Begin PBXBuildFile section */
		60F89B188F341FBFFDF6E289 /* Pods_FirebaseDemo.framework in Frameworks */ = {isa = PBXBuildFile; fileRef = 4478464844E359A1E561C3E8 /* Pods_FirebaseDemo.framework */; };
		71334CFD276E68B6004153F0 /* AppDelegate.swift in Sources */ = {isa = PBXBuildFile; fileRef = 71334CFC276E68B6004153F0 /* AppDelegate.swift */; };
		71334CFF276E68B6004153F0 /* SceneDelegate.swift in Sources */ = {isa = PBXBuildFile; fileRef = 71334CFE276E68B6004153F0 /* SceneDelegate.swift */; };
		71334D01276E68B6004153F0 /* ViewController.swift in Sources */ = {isa = PBXBuildFile; fileRef = 71334D00276E68B6004153F0 /* ViewController.swift */; };
		71334D04276E68B6004153F0 /* Main.storyboard in Resources */ = {isa = PBXBuildFile; fileRef = 71334D02276E68B6004153F0 /* Main.storyboard */; };
		71334D06276E68B8004153F0 /* Assets.xcassets in Resources */ = {isa = PBXBuildFile; fileRef = 71334D05276E68B8004153F0 /* Assets.xcassets */; };
		71334D09276E68B8004153F0 /* LaunchScreen.storyboard in Resources */ = {isa = PBXBuildFile; fileRef = 71334D07276E68B8004153F0 /* LaunchScreen.storyboard */; };
		71334D59276E896C004153F0 /* credentials.plist in Resources */ = {isa = PBXBuildFile; fileRef = 71334D57276E896B004153F0 /* credentials.plist */; };
		71334D5A276E896C004153F0 /* GoogleService-Info.plist in Resources */ = {isa = PBXBuildFile; fileRef = 71334D58276E896C004153F0 /* GoogleService-Info.plist */; };
/* End PBXBuildFile section */

/* Begin PBXFileReference section */
		4478464844E359A1E561C3E8 /* Pods_FirebaseDemo.framework */ = {isa = PBXFileReference; explicitFileType = wrapper.framework; includeInIndex = 0; path = Pods_FirebaseDemo.framework; sourceTree = BUILT_PRODUCTS_DIR; };
		6D362D7839B17313534790E5 /* Pods-FirebaseDemo.release.xcconfig */ = {isa = PBXFileReference; includeInIndex = 1; lastKnownFileType = text.xcconfig; name = "Pods-FirebaseDemo.release.xcconfig"; path = "Target Support Files/Pods-FirebaseDemo/Pods-FirebaseDemo.release.xcconfig"; sourceTree = "<group>"; };
		71334CF9276E68B6004153F0 /* FirebaseDemo.app */ = {isa = PBXFileReference; explicitFileType = wrapper.application; includeInIndex = 0; path = FirebaseDemo.app; sourceTree = BUILT_PRODUCTS_DIR; };
		71334CFC276E68B6004153F0 /* AppDelegate.swift */ = {isa = PBXFileReference; lastKnownFileType = sourcecode.swift; path = AppDelegate.swift; sourceTree = "<group>"; };
		71334CFE276E68B6004153F0 /* SceneDelegate.swift */ = {isa = PBXFileReference; lastKnownFileType = sourcecode.swift; path = SceneDelegate.swift; sourceTree = "<group>"; };
		71334D00276E68B6004153F0 /* ViewController.swift */ = {isa = PBXFileReference; lastKnownFileType = sourcecode.swift; path = ViewController.swift; sourceTree = "<group>"; };
		71334D03276E68B6004153F0 /* Base */ = {isa = PBXFileReference; lastKnownFileType = file.storyboard; name = Base; path = Base.lproj/Main.storyboard; sourceTree = "<group>"; };
		71334D05276E68B8004153F0 /* Assets.xcassets */ = {isa = PBXFileReference; lastKnownFileType = folder.assetcatalog; path = Assets.xcassets; sourceTree = "<group>"; };
		71334D08276E68B8004153F0 /* Base */ = {isa = PBXFileReference; lastKnownFileType = file.storyboard; name = Base; path = Base.lproj/LaunchScreen.storyboard; sourceTree = "<group>"; };
		71334D0A276E68B8004153F0 /* Info.plist */ = {isa = PBXFileReference; lastKnownFileType = text.plist.xml; path = Info.plist; sourceTree = "<group>"; };
		71334D57276E896B004153F0 /* credentials.plist */ = {isa = PBXFileReference; fileEncoding = 4; lastKnownFileType = text.plist.xml; path = credentials.plist; sourceTree = "<group>"; };
		71334D58276E896C004153F0 /* GoogleService-Info.plist */ = {isa = PBXFileReference; fileEncoding = 4; lastKnownFileType = text.plist.xml; path = "GoogleService-Info.plist"; sourceTree = "<group>"; };
		81ADF52DD760E9E257234771 /* Pods-FirebaseDemo.debug.xcconfig */ = {isa = PBXFileReference; includeInIndex = 1; lastKnownFileType = text.xcconfig; name = "Pods-FirebaseDemo.debug.xcconfig"; path = "Target Support Files/Pods-FirebaseDemo/Pods-FirebaseDemo.debug.xcconfig"; sourceTree = "<group>"; };
/* End PBXFileReference section */

/* Begin PBXFrameworksBuildPhase section */
		71334CF6276E68B6004153F0 /* Frameworks */ = {
			isa = PBXFrameworksBuildPhase;
			buildActionMask = 2147483647;
			files = (
				60F89B188F341FBFFDF6E289 /* Pods_FirebaseDemo.framework in Frameworks */,
			);
			runOnlyForDeploymentPostprocessing = 0;
		};
/* End PBXFrameworksBuildPhase section */

/* Begin PBXGroup section */
		68D38026F4E3338109FAB3F5 /* Pods */ = {
			isa = PBXGroup;
			children = (
				81ADF52DD760E9E257234771 /* Pods-FirebaseDemo.debug.xcconfig */,
				6D362D7839B17313534790E5 /* Pods-FirebaseDemo.release.xcconfig */,
			);
			path = Pods;
			sourceTree = "<group>";
		};
		71334CF0276E68B6004153F0 = {
			isa = PBXGroup;
			children = (
				71334CFB276E68B6004153F0 /* FirebaseDemo */,
				71334CFA276E68B6004153F0 /* Products */,
				68D38026F4E3338109FAB3F5 /* Pods */,
				EBF914B8EF5569198A1C434F /* Frameworks */,
			);
			sourceTree = "<group>";
		};
		71334CFA276E68B6004153F0 /* Products */ = {
			isa = PBXGroup;
			children = (
				71334CF9276E68B6004153F0 /* FirebaseDemo.app */,
			);
			name = Products;
			sourceTree = "<group>";
		};
		71334CFB276E68B6004153F0 /* FirebaseDemo */ = {
			isa = PBXGroup;
			children = (
				71334D57276E896B004153F0 /* credentials.plist */,
				71334D58276E896C004153F0 /* GoogleService-Info.plist */,
				71334D0A276E68B8004153F0 /* Info.plist */,
				71334CFC276E68B6004153F0 /* AppDelegate.swift */,
				71334CFE276E68B6004153F0 /* SceneDelegate.swift */,
				71334D00276E68B6004153F0 /* ViewController.swift */,
				71334D05276E68B8004153F0 /* Assets.xcassets */,
				71334D07276E68B8004153F0 /* LaunchScreen.storyboard */,
				71334D02276E68B6004153F0 /* Main.storyboard */,
			);
			path = FirebaseDemo;
			sourceTree = "<group>";
		};
		EBF914B8EF5569198A1C434F /* Frameworks */ = {
			isa = PBXGroup;
			children = (
				4478464844E359A1E561C3E8 /* Pods_FirebaseDemo.framework */,
			);
			name = Frameworks;
			sourceTree = "<group>";
		};
/* End PBXGroup section */

/* Begin PBXNativeTarget section */
		71334CF8276E68B6004153F0 /* FirebaseDemo */ = {
			isa = PBXNativeTarget;
			buildConfigurationList = 71334D0D276E68B8004153F0 /* Build configuration list for PBXNativeTarget "FirebaseDemo" */;
			buildPhases = (
				F5A6EFB797930A7B89253C28 /* [CP] Check Pods Manifest.lock */,
				71334CF5276E68B6004153F0 /* Sources */,
				71334CF6276E68B6004153F0 /* Frameworks */,
				71334CF7276E68B6004153F0 /* Resources */,
				9A207F586CDDD02B1C801D45 /* [CP] Embed Pods Frameworks */,
			);
			buildRules = (
			);
			dependencies = (
			);
			name = FirebaseDemo;
			productName = FirebaseDemo;
			productReference = 71334CF9276E68B6004153F0 /* FirebaseDemo.app */;
			productType = "com.apple.product-type.application";
		};
/* End PBXNativeTarget section */

/* Begin PBXProject section */
		71334CF1276E68B6004153F0 /* Project object */ = {
			isa = PBXProject;
			attributes = {
				LastSwiftUpdateCheck = 1240;
				LastUpgradeCheck = 1240;
				TargetAttributes = {
					71334CF8276E68B6004153F0 = {
						CreatedOnToolsVersion = 12.4;
					};
				};
			};
			buildConfigurationList = 71334CF4276E68B6004153F0 /* Build configuration list for PBXProject "FirebaseDemo" */;
			compatibilityVersion = "Xcode 9.3";
			developmentRegion = en;
			hasScannedForEncodings = 0;
			knownRegions = (
				en,
				Base,
			);
			mainGroup = 71334CF0276E68B6004153F0;
			productRefGroup = 71334CFA276E68B6004153F0 /* Products */;
			projectDirPath = "";
			projectRoot = "";
			targets = (
				71334CF8276E68B6004153F0 /* FirebaseDemo */,
			);
		};
/* End PBXProject section */

/* Begin PBXResourcesBuildPhase section */
		71334CF7276E68B6004153F0 /* Resources */ = {
			isa = PBXResourcesBuildPhase;
			buildActionMask = 2147483647;
			files = (
				71334D09276E68B8004153F0 /* LaunchScreen.storyboard in Resources */,
				71334D59276E896C004153F0 /* credentials.plist in Resources */,
				71334D5A276E896C004153F0 /* GoogleService-Info.plist in Resources */,
				71334D06276E68B8004153F0 /* Assets.xcassets in Resources */,
				71334D04276E68B6004153F0 /* Main.storyboard in Resources */,
			);
			runOnlyForDeploymentPostprocessing = 0;
		};
/* End PBXResourcesBuildPhase section */

/* Begin PBXShellScriptBuildPhase section */
		9A207F586CDDD02B1C801D45 /* [CP] Embed Pods Frameworks */ = {
			isa = PBXShellScriptBuildPhase;
			buildActionMask = 2147483647;
			files = (
			);
			inputFileListPaths = (
				"${PODS_ROOT}/Target Support Files/Pods-FirebaseDemo/Pods-FirebaseDemo-frameworks-${CONFIGURATION}-input-files.xcfilelist",
			);
			name = "[CP] Embed Pods Frameworks";
			outputFileListPaths = (
				"${PODS_ROOT}/Target Support Files/Pods-FirebaseDemo/Pods-FirebaseDemo-frameworks-${CONFIGURATION}-output-files.xcfilelist",
			);
			runOnlyForDeploymentPostprocessing = 0;
			shellPath = /bin/sh;
			shellScript = "\"${PODS_ROOT}/Target Support Files/Pods-FirebaseDemo/Pods-FirebaseDemo-frameworks.sh\"\n";
			showEnvVarsInLog = 0;
		};
		F5A6EFB797930A7B89253C28 /* [CP] Check Pods Manifest.lock */ = {
			isa = PBXShellScriptBuildPhase;
			buildActionMask = 2147483647;
			files = (
			);
			inputFileListPaths = (
			);
			inputPaths = (
				"${PODS_PODFILE_DIR_PATH}/Podfile.lock",
				"${PODS_ROOT}/Manifest.lock",
			);
			name = "[CP] Check Pods Manifest.lock";
			outputFileListPaths = (
			);
			outputPaths = (
				"$(DERIVED_FILE_DIR)/Pods-FirebaseDemo-checkManifestLockResult.txt",
			);
			runOnlyForDeploymentPostprocessing = 0;
			shellPath = /bin/sh;
			shellScript = "diff \"${PODS_PODFILE_DIR_PATH}/Podfile.lock\" \"${PODS_ROOT}/Manifest.lock\" > /dev/null\nif [ $? != 0 ] ; then\n    # print error to STDERR\n    echo \"error: The sandbox is not in sync with the Podfile.lock. Run 'pod install' or update your CocoaPods installation.\" >&2\n    exit 1\nfi\n# This output is used by Xcode 'outputs' to avoid re-running this script phase.\necho \"SUCCESS\" > \"${SCRIPT_OUTPUT_FILE_0}\"\n";
			showEnvVarsInLog = 0;
		};
/* End PBXShellScriptBuildPhase section */

/* Begin PBXSourcesBuildPhase section */
		71334CF5276E68B6004153F0 /* Sources */ = {
			isa = PBXSourcesBuildPhase;
			buildActionMask = 2147483647;
			files = (
				71334D01276E68B6004153F0 /* ViewController.swift in Sources */,
				71334CFD276E68B6004153F0 /* AppDelegate.swift in Sources */,
				71334CFF276E68B6004153F0 /* SceneDelegate.swift in Sources */,
			);
			runOnlyForDeploymentPostprocessing = 0;
		};
/* End PBXSourcesBuildPhase section */

/* Begin PBXVariantGroup section */
		71334D02276E68B6004153F0 /* Main.storyboard */ = {
			isa = PBXVariantGroup;
			children = (
				71334D03276E68B6004153F0 /* Base */,
			);
			name = Main.storyboard;
			sourceTree = "<group>";
		};
		71334D07276E68B8004153F0 /* LaunchScreen.storyboard */ = {
			isa = PBXVariantGroup;
			children = (
				71334D08276E68B8004153F0 /* Base */,
			);
			name = LaunchScreen.storyboard;
			sourceTree = "<group>";
		};
/* End PBXVariantGroup section */

/* Begin XCBuildConfiguration section */
		71334D0B276E68B8004153F0 /* Debug */ = {
			isa = XCBuildConfiguration;
			buildSettings = {
				ALWAYS_SEARCH_USER_PATHS = NO;
				CLANG_ANALYZER_NONNULL = YES;
				CLANG_ANALYZER_NUMBER_OBJECT_CONVERSION = YES_AGGRESSIVE;
				CLANG_CXX_LANGUAGE_STANDARD = "gnu++14";
				CLANG_CXX_LIBRARY = "libc++";
				CLANG_ENABLE_MODULES = YES;
				CLANG_ENABLE_OBJC_ARC = YES;
				CLANG_ENABLE_OBJC_WEAK = YES;
				CLANG_WARN_BLOCK_CAPTURE_AUTORELEASING = YES;
				CLANG_WARN_BOOL_CONVERSION = YES;
				CLANG_WARN_COMMA = YES;
				CLANG_WARN_CONSTANT_CONVERSION = YES;
				CLANG_WARN_DEPRECATED_OBJC_IMPLEMENTATIONS = YES;
				CLANG_WARN_DIRECT_OBJC_ISA_USAGE = YES_ERROR;
				CLANG_WARN_DOCUMENTATION_COMMENTS = YES;
				CLANG_WARN_EMPTY_BODY = YES;
				CLANG_WARN_ENUM_CONVERSION = YES;
				CLANG_WARN_INFINITE_RECURSION = YES;
				CLANG_WARN_INT_CONVERSION = YES;
				CLANG_WARN_NON_LITERAL_NULL_CONVERSION = YES;
				CLANG_WARN_OBJC_IMPLICIT_RETAIN_SELF = YES;
				CLANG_WARN_OBJC_LITERAL_CONVERSION = YES;
				CLANG_WARN_OBJC_ROOT_CLASS = YES_ERROR;
				CLANG_WARN_QUOTED_INCLUDE_IN_FRAMEWORK_HEADER = YES;
				CLANG_WARN_RANGE_LOOP_ANALYSIS = YES;
				CLANG_WARN_STRICT_PROTOTYPES = YES;
				CLANG_WARN_SUSPICIOUS_MOVE = YES;
				CLANG_WARN_UNGUARDED_AVAILABILITY = YES_AGGRESSIVE;
				CLANG_WARN_UNREACHABLE_CODE = YES;
				CLANG_WARN__DUPLICATE_METHOD_MATCH = YES;
				COPY_PHASE_STRIP = NO;
				DEBUG_INFORMATION_FORMAT = dwarf;
				ENABLE_STRICT_OBJC_MSGSEND = YES;
				ENABLE_TESTABILITY = YES;
				GCC_C_LANGUAGE_STANDARD = gnu11;
				GCC_DYNAMIC_NO_PIC = NO;
				GCC_NO_COMMON_BLOCKS = YES;
				GCC_OPTIMIZATION_LEVEL = 0;
				GCC_PREPROCESSOR_DEFINITIONS = (
					"DEBUG=1",
					"$(inherited)",
				);
				GCC_WARN_64_TO_32_BIT_CONVERSION = YES;
				GCC_WARN_ABOUT_RETURN_TYPE = YES_ERROR;
				GCC_WARN_UNDECLARED_SELECTOR = YES;
				GCC_WARN_UNINITIALIZED_AUTOS = YES_AGGRESSIVE;
				GCC_WARN_UNUSED_FUNCTION = YES;
				GCC_WARN_UNUSED_VARIABLE = YES;
				IPHONEOS_DEPLOYMENT_TARGET = 14.4;
				MTL_ENABLE_DEBUG_INFO = INCLUDE_SOURCE;
				MTL_FAST_MATH = YES;
				ONLY_ACTIVE_ARCH = YES;
				SDKROOT = iphoneos;
				SWIFT_ACTIVE_COMPILATION_CONDITIONS = DEBUG;
				SWIFT_OPTIMIZATION_LEVEL = "-Onone";
			};
			name = Debug;
		};
		71334D0C276E68B8004153F0 /* Release */ = {
			isa = XCBuildConfiguration;
			buildSettings = {
				ALWAYS_SEARCH_USER_PATHS = NO;
				CLANG_ANALYZER_NONNULL = YES;
				CLANG_ANALYZER_NUMBER_OBJECT_CONVERSION = YES_AGGRESSIVE;
				CLANG_CXX_LANGUAGE_STANDARD = "gnu++14";
				CLANG_CXX_LIBRARY = "libc++";
				CLANG_ENABLE_MODULES = YES;
				CLANG_ENABLE_OBJC_ARC = YES;
				CLANG_ENABLE_OBJC_WEAK = YES;
				CLANG_WARN_BLOCK_CAPTURE_AUTORELEASING = YES;
				CLANG_WARN_BOOL_CONVERSION = YES;
				CLANG_WARN_COMMA = YES;
				CLANG_WARN_CONSTANT_CONVERSION = YES;
				CLANG_WARN_DEPRECATED_OBJC_IMPLEMENTATIONS = YES;
				CLANG_WARN_DIRECT_OBJC_ISA_USAGE = YES_ERROR;
				CLANG_WARN_DOCUMENTATION_COMMENTS = YES;
				CLANG_WARN_EMPTY_BODY = YES;
				CLANG_WARN_ENUM_CONVERSION = YES;
				CLANG_WARN_INFINITE_RECURSION = YES;
				CLANG_WARN_INT_CONVERSION = YES;
				CLANG_WARN_NON_LITERAL_NULL_CONVERSION = YES;
				CLANG_WARN_OBJC_IMPLICIT_RETAIN_SELF = YES;
				CLANG_WARN_OBJC_LITERAL_CONVERSION = YES;
				CLANG_WARN_OBJC_ROOT_CLASS = YES_ERROR;
				CLANG_WARN_QUOTED_INCLUDE_IN_FRAMEWORK_HEADER = YES;
				CLANG_WARN_RANGE_LOOP_ANALYSIS = YES;
				CLANG_WARN_STRICT_PROTOTYPES = YES;
				CLANG_WARN_SUSPICIOUS_MOVE = YES;
				CLANG_WARN_UNGUARDED_AVAILABILITY = YES_AGGRESSIVE;
				CLANG_WARN_UNREACHABLE_CODE = YES;
				CLANG_WARN__DUPLICATE_METHOD_MATCH = YES;
				COPY_PHASE_STRIP = NO;
				DEBUG_INFORMATION_FORMAT = "dwarf-with-dsym";
				ENABLE_NS_ASSERTIONS = NO;
				ENABLE_STRICT_OBJC_MSGSEND = YES;
				GCC_C_LANGUAGE_STANDARD = gnu11;
				GCC_NO_COMMON_BLOCKS = YES;
				GCC_WARN_64_TO_32_BIT_CONVERSION = YES;
				GCC_WARN_ABOUT_RETURN_TYPE = YES_ERROR;
				GCC_WARN_UNDECLARED_SELECTOR = YES;
				GCC_WARN_UNINITIALIZED_AUTOS = YES_AGGRESSIVE;
				GCC_WARN_UNUSED_FUNCTION = YES;
				GCC_WARN_UNUSED_VARIABLE = YES;
				IPHONEOS_DEPLOYMENT_TARGET = 14.4;
				MTL_ENABLE_DEBUG_INFO = NO;
				MTL_FAST_MATH = YES;
				SDKROOT = iphoneos;
				SWIFT_COMPILATION_MODE = wholemodule;
				SWIFT_OPTIMIZATION_LEVEL = "-O";
				VALIDATE_PRODUCT = YES;
			};
			name = Release;
		};
		71334D0E276E68B8004153F0 /* Debug */ = {
			isa = XCBuildConfiguration;
			baseConfigurationReference = 81ADF52DD760E9E257234771 /* Pods-FirebaseDemo.debug.xcconfig */;
			buildSettings = {
				ASSETCATALOG_COMPILER_APPICON_NAME = AppIcon;
				ASSETCATALOG_COMPILER_GLOBAL_ACCENT_COLOR_NAME = AccentColor;
				CODE_SIGN_STYLE = Automatic;
				DEVELOPMENT_TEAM = DFDS75DL2P;
				INFOPLIST_FILE = FirebaseDemo/Info.plist;
				LD_RUNPATH_SEARCH_PATHS = (
					"$(inherited)",
					"@executable_path/Frameworks",
				);
				PRODUCT_BUNDLE_IDENTIFIER = school.cesar.devapps.2021.1.datapersist.FirebaseDemo;
				PRODUCT_NAME = "$(TARGET_NAME)";
				SWIFT_VERSION = 5.0;
				TARGETED_DEVICE_FAMILY = "1,2";
			};
			name = Debug;
		};
		71334D0F276E68B8004153F0 /* Release */ = {
			isa = XCBuildConfiguration;
			baseConfigurationReference = 6D362D7839B17313534790E5 /* Pods-FirebaseDemo.release.xcconfig */;
			buildSettings = {
				ASSETCATALOG_COMPILER_APPICON_NAME = AppIcon;
				ASSETCATALOG_COMPILER_GLOBAL_ACCENT_COLOR_NAME = AccentColor;
				CODE_SIGN_STYLE = Automatic;
				DEVELOPMENT_TEAM = DFDS75DL2P;
				INFOPLIST_FILE = FirebaseDemo/Info.plist;
				LD_RUNPATH_SEARCH_PATHS = (
					"$(inherited)",
					"@executable_path/Frameworks",
				);
				PRODUCT_BUNDLE_IDENTIFIER = school.cesar.devapps.2021.1.datapersist.FirebaseDemo;
				PRODUCT_NAME = "$(TARGET_NAME)";
				SWIFT_VERSION = 5.0;
				TARGETED_DEVICE_FAMILY = "1,2";
			};
			name = Release;
		};
/* End XCBuildConfiguration section */

/* Begin XCConfigurationList section */
		71334CF4276E68B6004153F0 /* Build configuration list for PBXProject "FirebaseDemo" */ = {
			isa = XCConfigurationList;
			buildConfigurations = (
				71334D0B276E68B8004153F0 /* Debug */,
				71334D0C276E68B8004153F0 /* Release */,
			);
			defaultConfigurationIsVisible = 0;
			defaultConfigurationName = Release;
		};
		71334D0D276E68B8004153F0 /* Build configuration list for PBXNativeTarget "FirebaseDemo" */ = {
			isa = XCConfigurationList;
			buildConfigurations = (
				71334D0E276E68B8004153F0 /* Debug */,
				71334D0F276E68B8004153F0 /* Release */,
			);
			defaultConfigurationIsVisible = 0;
			defaultConfigurationName = Release;
		};
/* End XCConfigurationList section */
	};
	rootObject = 71334CF1276E68B6004153F0 /* Project object */;
}
