// !$*UTF8*$!
{
	archiveVersion = 1;
	classes = {
	};
	objectVersion = 50;
	objects = {

/* Begin PBXBuildFile section */
		710312472749259C007DACA4 /* AppDelegate.swift in Sources */ = {isa = PBXBuildFile; fileRef = 710312462749259C007DACA4 /* AppDelegate.swift */; };
		710312492749259C007DACA4 /* SceneDelegate.swift in Sources */ = {isa = PBXBuildFile; fileRef = 710312482749259C007DACA4 /* SceneDelegate.swift */; };
		7103124B2749259C007DACA4 /* ViewController.swift in Sources */ = {isa = PBXBuildFile; fileRef = 7103124A2749259C007DACA4 /* ViewController.swift */; };
		7103124E2749259C007DACA4 /* Main.storyboard in Resources */ = {isa = PBXBuildFile; fileRef = 7103124C2749259C007DACA4 /* Main.storyboard */; };
		710312502749259E007DACA4 /* Assets.xcassets in Resources */ = {isa = PBXBuildFile; fileRef = 7103124F2749259E007DACA4 /* Assets.xcassets */; };
		710312532749259E007DACA4 /* LaunchScreen.storyboard in Resources */ = {isa = PBXBuildFile; fileRef = 710312512749259E007DACA4 /* LaunchScreen.storyboard */; };
		7190207D27496A63006E37AE /* PasswordViewController.swift in Sources */ = {isa = PBXBuildFile; fileRef = 7190207C27496A63006E37AE /* PasswordViewController.swift */; };
		7190208427496D7F006E37AE /* SecurityTipViewController.swift in Sources */ = {isa = PBXBuildFile; fileRef = 7190208327496D7F006E37AE /* SecurityTipViewController.swift */; };
		7190208727496F92006E37AE /* PasswordGenerator.swift in Sources */ = {isa = PBXBuildFile; fileRef = 7190208627496F92006E37AE /* PasswordGenerator.swift */; };
/* End PBXBuildFile section */

/* Begin PBXFileReference section */
		710312432749259C007DACA4 /* superpass.app */ = {isa = PBXFileReference; explicitFileType = wrapper.application; includeInIndex = 0; path = superpass.app; sourceTree = BUILT_PRODUCTS_DIR; };
		710312462749259C007DACA4 /* AppDelegate.swift */ = {isa = PBXFileReference; lastKnownFileType = sourcecode.swift; path = AppDelegate.swift; sourceTree = "<group>"; };
		710312482749259C007DACA4 /* SceneDelegate.swift */ = {isa = PBXFileReference; lastKnownFileType = sourcecode.swift; path = SceneDelegate.swift; sourceTree = "<group>"; };
		7103124A2749259C007DACA4 /* ViewController.swift */ = {isa = PBXFileReference; lastKnownFileType = sourcecode.swift; path = ViewController.swift; sourceTree = "<group>"; };
		7103124D2749259C007DACA4 /* Base */ = {isa = PBXFileReference; lastKnownFileType = file.storyboard; name = Base; path = Base.lproj/Main.storyboard; sourceTree = "<group>"; };
		7103124F2749259E007DACA4 /* Assets.xcassets */ = {isa = PBXFileReference; lastKnownFileType = folder.assetcatalog; path = Assets.xcassets; sourceTree = "<group>"; };
		710312522749259E007DACA4 /* Base */ = {isa = PBXFileReference; lastKnownFileType = file.storyboard; name = Base; path = Base.lproj/LaunchScreen.storyboard; sourceTree = "<group>"; };
		710312542749259E007DACA4 /* Info.plist */ = {isa = PBXFileReference; lastKnownFileType = text.plist.xml; path = Info.plist; sourceTree = "<group>"; };
		7190207C27496A63006E37AE /* PasswordViewController.swift */ = {isa = PBXFileReference; lastKnownFileType = sourcecode.swift; path = PasswordViewController.swift; sourceTree = "<group>"; };
		7190208327496D7F006E37AE /* SecurityTipViewController.swift */ = {isa = PBXFileReference; lastKnownFileType = sourcecode.swift; path = SecurityTipViewController.swift; sourceTree = "<group>"; };
		7190208627496F92006E37AE /* PasswordGenerator.swift */ = {isa = PBXFileReference; lastKnownFileType = sourcecode.swift; path = PasswordGenerator.swift; sourceTree = "<group>"; };
/* End PBXFileReference section */

/* Begin PBXFrameworksBuildPhase section */
		710312402749259C007DACA4 /* Frameworks */ = {
			isa = PBXFrameworksBuildPhase;
			buildActionMask = 2147483647;
			files = (
			);
			runOnlyForDeploymentPostprocessing = 0;
		};
/* End PBXFrameworksBuildPhase section */

/* Begin PBXGroup section */
		7103123A2749259C007DACA4 = {
			isa = PBXGroup;
			children = (
				710312452749259C007DACA4 /* superpass */,
				710312442749259C007DACA4 /* Products */,
			);
			sourceTree = "<group>";
		};
		710312442749259C007DACA4 /* Products */ = {
			isa = PBXGroup;
			children = (
				710312432749259C007DACA4 /* superpass.app */,
			);
			name = Products;
			sourceTree = "<group>";
		};
		710312452749259C007DACA4 /* superpass */ = {
			isa = PBXGroup;
			children = (
				710312462749259C007DACA4 /* AppDelegate.swift */,
				710312482749259C007DACA4 /* SceneDelegate.swift */,
				7190207F27496A71006E37AE /* controllers */,
				7190208127496A7E006E37AE /* views */,
				7103124F2749259E007DACA4 /* Assets.xcassets */,
				710312542749259E007DACA4 /* Info.plist */,
			);
			path = superpass;
			sourceTree = "<group>";
		};
		7190207F27496A71006E37AE /* controllers */ = {
			isa = PBXGroup;
			children = (
				7103124A2749259C007DACA4 /* ViewController.swift */,
				7190208627496F92006E37AE /* PasswordGenerator.swift */,
				7190207C27496A63006E37AE /* PasswordViewController.swift */,
				7190208327496D7F006E37AE /* SecurityTipViewController.swift */,
			);
			path = controllers;
			sourceTree = "<group>";
		};
		7190208127496A7E006E37AE /* views */ = {
			isa = PBXGroup;
			children = (
				7103124C2749259C007DACA4 /* Main.storyboard */,
				710312512749259E007DACA4 /* LaunchScreen.storyboard */,
			);
			path = views;
			sourceTree = "<group>";
		};
/* End PBXGroup section */

/* Begin PBXNativeTarget section */
		710312422749259C007DACA4 /* superpass */ = {
			isa = PBXNativeTarget;
			buildConfigurationList = 710312572749259E007DACA4 /* Build configuration list for PBXNativeTarget "superpass" */;
			buildPhases = (
				7103123F2749259C007DACA4 /* Sources */,
				710312402749259C007DACA4 /* Frameworks */,
				710312412749259C007DACA4 /* Resources */,
			);
			buildRules = (
			);
			dependencies = (
			);
			name = superpass;
			productName = superpass;
			productReference = 710312432749259C007DACA4 /* superpass.app */;
			productType = "com.apple.product-type.application";
		};
/* End PBXNativeTarget section */

/* Begin PBXProject section */
		7103123B2749259C007DACA4 /* Project object */ = {
			isa = PBXProject;
			attributes = {
				LastSwiftUpdateCheck = 1240;
				LastUpgradeCheck = 1240;
				TargetAttributes = {
					710312422749259C007DACA4 = {
						CreatedOnToolsVersion = 12.4;
					};
				};
			};
			buildConfigurationList = 7103123E2749259C007DACA4 /* Build configuration list for PBXProject "superpass" */;
			compatibilityVersion = "Xcode 9.3";
			developmentRegion = en;
			hasScannedForEncodings = 0;
			knownRegions = (
				en,
				Base,
			);
			mainGroup = 7103123A2749259C007DACA4;
			productRefGroup = 710312442749259C007DACA4 /* Products */;
			projectDirPath = "";
			projectRoot = "";
			targets = (
				710312422749259C007DACA4 /* superpass */,
			);
		};
/* End PBXProject section */

/* Begin PBXResourcesBuildPhase section */
		710312412749259C007DACA4 /* Resources */ = {
			isa = PBXResourcesBuildPhase;
			buildActionMask = 2147483647;
			files = (
				710312532749259E007DACA4 /* LaunchScreen.storyboard in Resources */,
				710312502749259E007DACA4 /* Assets.xcassets in Resources */,
				7103124E2749259C007DACA4 /* Main.storyboard in Resources */,
			);
			runOnlyForDeploymentPostprocessing = 0;
		};
/* End PBXResourcesBuildPhase section */

/* Begin PBXSourcesBuildPhase section */
		7103123F2749259C007DACA4 /* Sources */ = {
			isa = PBXSourcesBuildPhase;
			buildActionMask = 2147483647;
			files = (
				7103124B2749259C007DACA4 /* ViewController.swift in Sources */,
				7190207D27496A63006E37AE /* PasswordViewController.swift in Sources */,
				7190208727496F92006E37AE /* PasswordGenerator.swift in Sources */,
				7190208427496D7F006E37AE /* SecurityTipViewController.swift in Sources */,
				710312472749259C007DACA4 /* AppDelegate.swift in Sources */,
				710312492749259C007DACA4 /* SceneDelegate.swift in Sources */,
			);
			runOnlyForDeploymentPostprocessing = 0;
		};
/* End PBXSourcesBuildPhase section */

/* Begin PBXVariantGroup section */
		7103124C2749259C007DACA4 /* Main.storyboard */ = {
			isa = PBXVariantGroup;
			children = (
				7103124D2749259C007DACA4 /* Base */,
			);
			name = Main.storyboard;
			sourceTree = "<group>";
		};
		710312512749259E007DACA4 /* LaunchScreen.storyboard */ = {
			isa = PBXVariantGroup;
			children = (
				710312522749259E007DACA4 /* Base */,
			);
			name = LaunchScreen.storyboard;
			sourceTree = "<group>";
		};
/* End PBXVariantGroup section */

/* Begin XCBuildConfiguration section */
		710312552749259E007DACA4 /* Debug */ = {
			isa = XCBuildConfiguration;
			buildSettings = {
				ALWAYS_SEARCH_USER_PATHS = NO;
				CLANG_ANALYZER_NONNULL = YES;
				CLANG_ANALYZER_NUMBER_OBJECT_CONVERSION = YES_AGGRESSIVE;
				CLANG_CXX_LANGUAGE_STANDARD = "gnu++14";
				CLANG_CXX_LIBRARY = "libc++";
				CLANG_ENABLE_MODULES = YES;
				CLANG_ENABLE_OBJC_ARC = YES;
				CLANG_ENABLE_OBJC_WEAK = YES;
				CLANG_WARN_BLOCK_CAPTURE_AUTORELEASING = YES;
				CLANG_WARN_BOOL_CONVERSION = YES;
				CLANG_WARN_COMMA = YES;
				CLANG_WARN_CONSTANT_CONVERSION = YES;
				CLANG_WARN_DEPRECATED_OBJC_IMPLEMENTATIONS = YES;
				CLANG_WARN_DIRECT_OBJC_ISA_USAGE = YES_ERROR;
				CLANG_WARN_DOCUMENTATION_COMMENTS = YES;
				CLANG_WARN_EMPTY_BODY = YES;
				CLANG_WARN_ENUM_CONVERSION = YES;
				CLANG_WARN_INFINITE_RECURSION = YES;
				CLANG_WARN_INT_CONVERSION = YES;
				CLANG_WARN_NON_LITERAL_NULL_CONVERSION = YES;
				CLANG_WARN_OBJC_IMPLICIT_RETAIN_SELF = YES;
				CLANG_WARN_OBJC_LITERAL_CONVERSION = YES;
				CLANG_WARN_OBJC_ROOT_CLASS = YES_ERROR;
				CLANG_WARN_QUOTED_INCLUDE_IN_FRAMEWORK_HEADER = YES;
				CLANG_WARN_RANGE_LOOP_ANALYSIS = YES;
				CLANG_WARN_STRICT_PROTOTYPES = YES;
				CLANG_WARN_SUSPICIOUS_MOVE = YES;
				CLANG_WARN_UNGUARDED_AVAILABILITY = YES_AGGRESSIVE;
				CLANG_WARN_UNREACHABLE_CODE = YES;
				CLANG_WARN__DUPLICATE_METHOD_MATCH = YES;
				COPY_PHASE_STRIP = NO;
				DEBUG_INFORMATION_FORMAT = dwarf;
				ENABLE_STRICT_OBJC_MSGSEND = YES;
				ENABLE_TESTABILITY = YES;
				GCC_C_LANGUAGE_STANDARD = gnu11;
				GCC_DYNAMIC_NO_PIC = NO;
				GCC_NO_COMMON_BLOCKS = YES;
				GCC_OPTIMIZATION_LEVEL = 0;
				GCC_PREPROCESSOR_DEFINITIONS = (
					"DEBUG=1",
					"$(inherited)",
				);
				GCC_WARN_64_TO_32_BIT_CONVERSION = YES;
				GCC_WARN_ABOUT_RETURN_TYPE = YES_ERROR;
				GCC_WARN_UNDECLARED_SELECTOR = YES;
				GCC_WARN_UNINITIALIZED_AUTOS = YES_AGGRESSIVE;
				GCC_WARN_UNUSED_FUNCTION = YES;
				GCC_WARN_UNUSED_VARIABLE = YES;
				IPHONEOS_DEPLOYMENT_TARGET = 14.4;
				MTL_ENABLE_DEBUG_INFO = INCLUDE_SOURCE;
				MTL_FAST_MATH = YES;
				ONLY_ACTIVE_ARCH = YES;
				SDKROOT = iphoneos;
				SWIFT_ACTIVE_COMPILATION_CONDITIONS = DEBUG;
				SWIFT_OPTIMIZATION_LEVEL = "-Onone";
			};
			name = Debug;
		};
		710312562749259E007DACA4 /* Release */ = {
			isa = XCBuildConfiguration;
			buildSettings = {
				ALWAYS_SEARCH_USER_PATHS = NO;
				CLANG_ANALYZER_NONNULL = YES;
				CLANG_ANALYZER_NUMBER_OBJECT_CONVERSION = YES_AGGRESSIVE;
				CLANG_CXX_LANGUAGE_STANDARD = "gnu++14";
				CLANG_CXX_LIBRARY = "libc++";
				CLANG_ENABLE_MODULES = YES;
				CLANG_ENABLE_OBJC_ARC = YES;
				CLANG_ENABLE_OBJC_WEAK = YES;
				CLANG_WARN_BLOCK_CAPTURE_AUTORELEASING = YES;
				CLANG_WARN_BOOL_CONVERSION = YES;
				CLANG_WARN_COMMA = YES;
				CLANG_WARN_CONSTANT_CONVERSION = YES;
				CLANG_WARN_DEPRECATED_OBJC_IMPLEMENTATIONS = YES;
				CLANG_WARN_DIRECT_OBJC_ISA_USAGE = YES_ERROR;
				CLANG_WARN_DOCUMENTATION_COMMENTS = YES;
				CLANG_WARN_EMPTY_BODY = YES;
				CLANG_WARN_ENUM_CONVERSION = YES;
				CLANG_WARN_INFINITE_RECURSION = YES;
				CLANG_WARN_INT_CONVERSION = YES;
				CLANG_WARN_NON_LITERAL_NULL_CONVERSION = YES;
				CLANG_WARN_OBJC_IMPLICIT_RETAIN_SELF = YES;
				CLANG_WARN_OBJC_LITERAL_CONVERSION = YES;
				CLANG_WARN_OBJC_ROOT_CLASS = YES_ERROR;
				CLANG_WARN_QUOTED_INCLUDE_IN_FRAMEWORK_HEADER = YES;
				CLANG_WARN_RANGE_LOOP_ANALYSIS = YES;
				CLANG_WARN_STRICT_PROTOTYPES = YES;
				CLANG_WARN_SUSPICIOUS_MOVE = YES;
				CLANG_WARN_UNGUARDED_AVAILABILITY = YES_AGGRESSIVE;
				CLANG_WARN_UNREACHABLE_CODE = YES;
				CLANG_WARN__DUPLICATE_METHOD_MATCH = YES;
				COPY_PHASE_STRIP = NO;
				DEBUG_INFORMATION_FORMAT = "dwarf-with-dsym";
				ENABLE_NS_ASSERTIONS = NO;
				ENABLE_STRICT_OBJC_MSGSEND = YES;
				GCC_C_LANGUAGE_STANDARD = gnu11;
				GCC_NO_COMMON_BLOCKS = YES;
				GCC_WARN_64_TO_32_BIT_CONVERSION = YES;
				GCC_WARN_ABOUT_RETURN_TYPE = YES_ERROR;
				GCC_WARN_UNDECLARED_SELECTOR = YES;
				GCC_WARN_UNINITIALIZED_AUTOS = YES_AGGRESSIVE;
				GCC_WARN_UNUSED_FUNCTION = YES;
				GCC_WARN_UNUSED_VARIABLE = YES;
				IPHONEOS_DEPLOYMENT_TARGET = 14.4;
				MTL_ENABLE_DEBUG_INFO = NO;
				MTL_FAST_MATH = YES;
				SDKROOT = iphoneos;
				SWIFT_COMPILATION_MODE = wholemodule;
				SWIFT_OPTIMIZATION_LEVEL = "-O";
				VALIDATE_PRODUCT = YES;
			};
			name = Release;
		};
		710312582749259E007DACA4 /* Debug */ = {
			isa = XCBuildConfiguration;
			buildSettings = {
				ASSETCATALOG_COMPILER_APPICON_NAME = AppIcon;
				ASSETCATALOG_COMPILER_GLOBAL_ACCENT_COLOR_NAME = AccentColor;
				CODE_SIGN_STYLE = Automatic;
				DEVELOPMENT_TEAM = DFDS75DL2P;
				INFOPLIST_FILE = superpass/Info.plist;
				LD_RUNPATH_SEARCH_PATHS = (
					"$(inherited)",
					"@executable_path/Frameworks",
				);
				PRODUCT_BUNDLE_IDENTIFIER = school.cesar.devapps.2021.1.iosbasic.superpass;
				PRODUCT_NAME = "$(TARGET_NAME)";
				SWIFT_VERSION = 5.0;
				TARGETED_DEVICE_FAMILY = "1,2";
			};
			name = Debug;
		};
		710312592749259E007DACA4 /* Release */ = {
			isa = XCBuildConfiguration;
			buildSettings = {
				ASSETCATALOG_COMPILER_APPICON_NAME = AppIcon;
				ASSETCATALOG_COMPILER_GLOBAL_ACCENT_COLOR_NAME = AccentColor;
				CODE_SIGN_STYLE = Automatic;
				DEVELOPMENT_TEAM = DFDS75DL2P;
				INFOPLIST_FILE = superpass/Info.plist;
				LD_RUNPATH_SEARCH_PATHS = (
					"$(inherited)",
					"@executable_path/Frameworks",
				);
				PRODUCT_BUNDLE_IDENTIFIER = school.cesar.devapps.2021.1.iosbasic.superpass;
				PRODUCT_NAME = "$(TARGET_NAME)";
				SWIFT_VERSION = 5.0;
				TARGETED_DEVICE_FAMILY = "1,2";
			};
			name = Release;
		};
/* End XCBuildConfiguration section */

/* Begin XCConfigurationList section */
		7103123E2749259C007DACA4 /* Build configuration list for PBXProject "superpass" */ = {
			isa = XCConfigurationList;
			buildConfigurations = (
				710312552749259E007DACA4 /* Debug */,
				710312562749259E007DACA4 /* Release */,
			);
			defaultConfigurationIsVisible = 0;
			defaultConfigurationName = Release;
		};
		710312572749259E007DACA4 /* Build configuration list for PBXNativeTarget "superpass" */ = {
			isa = XCConfigurationList;
			buildConfigurations = (
				710312582749259E007DACA4 /* Debug */,
				710312592749259E007DACA4 /* Release */,
			);
			defaultConfigurationIsVisible = 0;
			defaultConfigurationName = Release;
		};
/* End XCConfigurationList section */
	};
	rootObject = 7103123B2749259C007DACA4 /* Project object */;
}
