// !$*UTF8*$!
{
	archiveVersion = 1;
	classes = {
	};
	objectVersion = 50;
	objects = {

/* Begin PBXBuildFile section */
		713AE7C02736ADA000BB9B40 /* Tela3ViewController.swift in Sources */ = {isa = PBXBuildFile; fileRef = 713AE7BF2736ADA000BB9B40 /* Tela3ViewController.swift */; };
		71A866922735F04A0001D59F /* AppDelegate.swift in Sources */ = {isa = PBXBuildFile; fileRef = 71A866912735F04A0001D59F /* AppDelegate.swift */; };
		71A866942735F04A0001D59F /* SceneDelegate.swift in Sources */ = {isa = PBXBuildFile; fileRef = 71A866932735F04A0001D59F /* SceneDelegate.swift */; };
		71A866962735F04A0001D59F /* ViewController.swift in Sources */ = {isa = PBXBuildFile; fileRef = 71A866952735F04A0001D59F /* ViewController.swift */; };
		71A866992735F04A0001D59F /* Main.storyboard in Resources */ = {isa = PBXBuildFile; fileRef = 71A866972735F04A0001D59F /* Main.storyboard */; };
		71A8669B2735F04D0001D59F /* Assets.xcassets in Resources */ = {isa = PBXBuildFile; fileRef = 71A8669A2735F04D0001D59F /* Assets.xcassets */; };
		71A8669E2735F04D0001D59F /* LaunchScreen.storyboard in Resources */ = {isa = PBXBuildFile; fileRef = 71A8669C2735F04D0001D59F /* LaunchScreen.storyboard */; };
		71A866A7273608A00001D59F /* Tela2ViewController.swift in Sources */ = {isa = PBXBuildFile; fileRef = 71A866A6273608A00001D59F /* Tela2ViewController.swift */; };
/* End PBXBuildFile section */

/* Begin PBXFileReference section */
		713AE7BF2736ADA000BB9B40 /* Tela3ViewController.swift */ = {isa = PBXFileReference; lastKnownFileType = sourcecode.swift; path = Tela3ViewController.swift; sourceTree = "<group>"; };
		71A8668E2735F04A0001D59F /* HelloWorldAppCesarSchool.app */ = {isa = PBXFileReference; explicitFileType = wrapper.application; includeInIndex = 0; path = HelloWorldAppCesarSchool.app; sourceTree = BUILT_PRODUCTS_DIR; };
		71A866912735F04A0001D59F /* AppDelegate.swift */ = {isa = PBXFileReference; lastKnownFileType = sourcecode.swift; path = AppDelegate.swift; sourceTree = "<group>"; };
		71A866932735F04A0001D59F /* SceneDelegate.swift */ = {isa = PBXFileReference; lastKnownFileType = sourcecode.swift; path = SceneDelegate.swift; sourceTree = "<group>"; };
		71A866952735F04A0001D59F /* ViewController.swift */ = {isa = PBXFileReference; lastKnownFileType = sourcecode.swift; path = ViewController.swift; sourceTree = "<group>"; };
		71A866982735F04A0001D59F /* Base */ = {isa = PBXFileReference; lastKnownFileType = file.storyboard; name = Base; path = Base.lproj/Main.storyboard; sourceTree = "<group>"; };
		71A8669A2735F04D0001D59F /* Assets.xcassets */ = {isa = PBXFileReference; lastKnownFileType = folder.assetcatalog; path = Assets.xcassets; sourceTree = "<group>"; };
		71A8669D2735F04D0001D59F /* Base */ = {isa = PBXFileReference; lastKnownFileType = file.storyboard; name = Base; path = Base.lproj/LaunchScreen.storyboard; sourceTree = "<group>"; };
		71A8669F2735F04D0001D59F /* Info.plist */ = {isa = PBXFileReference; lastKnownFileType = text.plist.xml; path = Info.plist; sourceTree = "<group>"; };
		71A866A6273608A00001D59F /* Tela2ViewController.swift */ = {isa = PBXFileReference; lastKnownFileType = sourcecode.swift; path = Tela2ViewController.swift; sourceTree = "<group>"; };
/* End PBXFileReference section */

/* Begin PBXFrameworksBuildPhase section */
		71A8668B2735F04A0001D59F /* Frameworks */ = {
			isa = PBXFrameworksBuildPhase;
			buildActionMask = 2147483647;
			files = (
			);
			runOnlyForDeploymentPostprocessing = 0;
		};
/* End PBXFrameworksBuildPhase section */

/* Begin PBXGroup section */
		71A866852735F04A0001D59F = {
			isa = PBXGroup;
			children = (
				71A866902735F04A0001D59F /* HelloWorldAppCesarSchool */,
				71A8668F2735F04A0001D59F /* Products */,
			);
			sourceTree = "<group>";
		};
		71A8668F2735F04A0001D59F /* Products */ = {
			isa = PBXGroup;
			children = (
				71A8668E2735F04A0001D59F /* HelloWorldAppCesarSchool.app */,
			);
			name = Products;
			sourceTree = "<group>";
		};
		71A866902735F04A0001D59F /* HelloWorldAppCesarSchool */ = {
			isa = PBXGroup;
			children = (
				71A866912735F04A0001D59F /* AppDelegate.swift */,
				71A866932735F04A0001D59F /* SceneDelegate.swift */,
				71A866952735F04A0001D59F /* ViewController.swift */,
				71A866972735F04A0001D59F /* Main.storyboard */,
				713AE7BF2736ADA000BB9B40 /* Tela3ViewController.swift */,
				71A866A6273608A00001D59F /* Tela2ViewController.swift */,
				71A8669A2735F04D0001D59F /* Assets.xcassets */,
				71A8669C2735F04D0001D59F /* LaunchScreen.storyboard */,
				71A8669F2735F04D0001D59F /* Info.plist */,
			);
			path = HelloWorldAppCesarSchool;
			sourceTree = "<group>";
		};
/* End PBXGroup section */

/* Begin PBXNativeTarget section */
		71A8668D2735F04A0001D59F /* HelloWorldAppCesarSchool */ = {
			isa = PBXNativeTarget;
			buildConfigurationList = 71A866A22735F04D0001D59F /* Build configuration list for PBXNativeTarget "HelloWorldAppCesarSchool" */;
			buildPhases = (
				71A8668A2735F04A0001D59F /* Sources */,
				71A8668B2735F04A0001D59F /* Frameworks */,
				71A8668C2735F04A0001D59F /* Resources */,
			);
			buildRules = (
			);
			dependencies = (
			);
			name = HelloWorldAppCesarSchool;
			productName = HelloWorldAppCesarSchool;
			productReference = 71A8668E2735F04A0001D59F /* HelloWorldAppCesarSchool.app */;
			productType = "com.apple.product-type.application";
		};
/* End PBXNativeTarget section */

/* Begin PBXProject section */
		71A866862735F04A0001D59F /* Project object */ = {
			isa = PBXProject;
			attributes = {
				LastSwiftUpdateCheck = 1240;
				LastUpgradeCheck = 1240;
				TargetAttributes = {
					71A8668D2735F04A0001D59F = {
						CreatedOnToolsVersion = 12.4;
					};
				};
			};
			buildConfigurationList = 71A866892735F04A0001D59F /* Build configuration list for PBXProject "HelloWorldAppCesarSchool" */;
			compatibilityVersion = "Xcode 9.3";
			developmentRegion = en;
			hasScannedForEncodings = 0;
			knownRegions = (
				en,
				Base,
			);
			mainGroup = 71A866852735F04A0001D59F;
			productRefGroup = 71A8668F2735F04A0001D59F /* Products */;
			projectDirPath = "";
			projectRoot = "";
			targets = (
				71A8668D2735F04A0001D59F /* HelloWorldAppCesarSchool */,
			);
		};
/* End PBXProject section */

/* Begin PBXResourcesBuildPhase section */
		71A8668C2735F04A0001D59F /* Resources */ = {
			isa = PBXResourcesBuildPhase;
			buildActionMask = 2147483647;
			files = (
				71A8669E2735F04D0001D59F /* LaunchScreen.storyboard in Resources */,
				71A8669B2735F04D0001D59F /* Assets.xcassets in Resources */,
				71A866992735F04A0001D59F /* Main.storyboard in Resources */,
			);
			runOnlyForDeploymentPostprocessing = 0;
		};
/* End PBXResourcesBuildPhase section */

/* Begin PBXSourcesBuildPhase section */
		71A8668A2735F04A0001D59F /* Sources */ = {
			isa = PBXSourcesBuildPhase;
			buildActionMask = 2147483647;
			files = (
				71A866962735F04A0001D59F /* ViewController.swift in Sources */,
				71A866922735F04A0001D59F /* AppDelegate.swift in Sources */,
				71A866942735F04A0001D59F /* SceneDelegate.swift in Sources */,
				713AE7C02736ADA000BB9B40 /* Tela3ViewController.swift in Sources */,
				71A866A7273608A00001D59F /* Tela2ViewController.swift in Sources */,
			);
			runOnlyForDeploymentPostprocessing = 0;
		};
/* End PBXSourcesBuildPhase section */

/* Begin PBXVariantGroup section */
		71A866972735F04A0001D59F /* Main.storyboard */ = {
			isa = PBXVariantGroup;
			children = (
				71A866982735F04A0001D59F /* Base */,
			);
			name = Main.storyboard;
			sourceTree = "<group>";
		};
		71A8669C2735F04D0001D59F /* LaunchScreen.storyboard */ = {
			isa = PBXVariantGroup;
			children = (
				71A8669D2735F04D0001D59F /* Base */,
			);
			name = LaunchScreen.storyboard;
			sourceTree = "<group>";
		};
/* End PBXVariantGroup section */

/* Begin XCBuildConfiguration section */
		71A866A02735F04D0001D59F /* Debug */ = {
			isa = XCBuildConfiguration;
			buildSettings = {
				ALWAYS_SEARCH_USER_PATHS = NO;
				CLANG_ANALYZER_NONNULL = YES;
				CLANG_ANALYZER_NUMBER_OBJECT_CONVERSION = YES_AGGRESSIVE;
				CLANG_CXX_LANGUAGE_STANDARD = "gnu++14";
				CLANG_CXX_LIBRARY = "libc++";
				CLANG_ENABLE_MODULES = YES;
				CLANG_ENABLE_OBJC_ARC = YES;
				CLANG_ENABLE_OBJC_WEAK = YES;
				CLANG_WARN_BLOCK_CAPTURE_AUTORELEASING = YES;
				CLANG_WARN_BOOL_CONVERSION = YES;
				CLANG_WARN_COMMA = YES;
				CLANG_WARN_CONSTANT_CONVERSION = YES;
				CLANG_WARN_DEPRECATED_OBJC_IMPLEMENTATIONS = YES;
				CLANG_WARN_DIRECT_OBJC_ISA_USAGE = YES_ERROR;
				CLANG_WARN_DOCUMENTATION_COMMENTS = YES;
				CLANG_WARN_EMPTY_BODY = YES;
				CLANG_WARN_ENUM_CONVERSION = YES;
				CLANG_WARN_INFINITE_RECURSION = YES;
				CLANG_WARN_INT_CONVERSION = YES;
				CLANG_WARN_NON_LITERAL_NULL_CONVERSION = YES;
				CLANG_WARN_OBJC_IMPLICIT_RETAIN_SELF = YES;
				CLANG_WARN_OBJC_LITERAL_CONVERSION = YES;
				CLANG_WARN_OBJC_ROOT_CLASS = YES_ERROR;
				CLANG_WARN_QUOTED_INCLUDE_IN_FRAMEWORK_HEADER = YES;
				CLANG_WARN_RANGE_LOOP_ANALYSIS = YES;
				CLANG_WARN_STRICT_PROTOTYPES = YES;
				CLANG_WARN_SUSPICIOUS_MOVE = YES;
				CLANG_WARN_UNGUARDED_AVAILABILITY = YES_AGGRESSIVE;
				CLANG_WARN_UNREACHABLE_CODE = YES;
				CLANG_WARN__DUPLICATE_METHOD_MATCH = YES;
				COPY_PHASE_STRIP = NO;
				DEBUG_INFORMATION_FORMAT = dwarf;
				ENABLE_STRICT_OBJC_MSGSEND = YES;
				ENABLE_TESTABILITY = YES;
				GCC_C_LANGUAGE_STANDARD = gnu11;
				GCC_DYNAMIC_NO_PIC = NO;
				GCC_NO_COMMON_BLOCKS = YES;
				GCC_OPTIMIZATION_LEVEL = 0;
				GCC_PREPROCESSOR_DEFINITIONS = (
					"DEBUG=1",
					"$(inherited)",
				);
				GCC_WARN_64_TO_32_BIT_CONVERSION = YES;
				GCC_WARN_ABOUT_RETURN_TYPE = YES_ERROR;
				GCC_WARN_UNDECLARED_SELECTOR = YES;
				GCC_WARN_UNINITIALIZED_AUTOS = YES_AGGRESSIVE;
				GCC_WARN_UNUSED_FUNCTION = YES;
				GCC_WARN_UNUSED_VARIABLE = YES;
				IPHONEOS_DEPLOYMENT_TARGET = 14.4;
				MTL_ENABLE_DEBUG_INFO = INCLUDE_SOURCE;
				MTL_FAST_MATH = YES;
				ONLY_ACTIVE_ARCH = YES;
				SDKROOT = iphoneos;
				SWIFT_ACTIVE_COMPILATION_CONDITIONS = DEBUG;
				SWIFT_OPTIMIZATION_LEVEL = "-Onone";
			};
			name = Debug;
		};
		71A866A12735F04D0001D59F /* Release */ = {
			isa = XCBuildConfiguration;
			buildSettings = {
				ALWAYS_SEARCH_USER_PATHS = NO;
				CLANG_ANALYZER_NONNULL = YES;
				CLANG_ANALYZER_NUMBER_OBJECT_CONVERSION = YES_AGGRESSIVE;
				CLANG_CXX_LANGUAGE_STANDARD = "gnu++14";
				CLANG_CXX_LIBRARY = "libc++";
				CLANG_ENABLE_MODULES = YES;
				CLANG_ENABLE_OBJC_ARC = YES;
				CLANG_ENABLE_OBJC_WEAK = YES;
				CLANG_WARN_BLOCK_CAPTURE_AUTORELEASING = YES;
				CLANG_WARN_BOOL_CONVERSION = YES;
				CLANG_WARN_COMMA = YES;
				CLANG_WARN_CONSTANT_CONVERSION = YES;
				CLANG_WARN_DEPRECATED_OBJC_IMPLEMENTATIONS = YES;
				CLANG_WARN_DIRECT_OBJC_ISA_USAGE = YES_ERROR;
				CLANG_WARN_DOCUMENTATION_COMMENTS = YES;
				CLANG_WARN_EMPTY_BODY = YES;
				CLANG_WARN_ENUM_CONVERSION = YES;
				CLANG_WARN_INFINITE_RECURSION = YES;
				CLANG_WARN_INT_CONVERSION = YES;
				CLANG_WARN_NON_LITERAL_NULL_CONVERSION = YES;
				CLANG_WARN_OBJC_IMPLICIT_RETAIN_SELF = YES;
				CLANG_WARN_OBJC_LITERAL_CONVERSION = YES;
				CLANG_WARN_OBJC_ROOT_CLASS = YES_ERROR;
				CLANG_WARN_QUOTED_INCLUDE_IN_FRAMEWORK_HEADER = YES;
				CLANG_WARN_RANGE_LOOP_ANALYSIS = YES;
				CLANG_WARN_STRICT_PROTOTYPES = YES;
				CLANG_WARN_SUSPICIOUS_MOVE = YES;
				CLANG_WARN_UNGUARDED_AVAILABILITY = YES_AGGRESSIVE;
				CLANG_WARN_UNREACHABLE_CODE = YES;
				CLANG_WARN__DUPLICATE_METHOD_MATCH = YES;
				COPY_PHASE_STRIP = NO;
				DEBUG_INFORMATION_FORMAT = "dwarf-with-dsym";
				ENABLE_NS_ASSERTIONS = NO;
				ENABLE_STRICT_OBJC_MSGSEND = YES;
				GCC_C_LANGUAGE_STANDARD = gnu11;
				GCC_NO_COMMON_BLOCKS = YES;
				GCC_WARN_64_TO_32_BIT_CONVERSION = YES;
				GCC_WARN_ABOUT_RETURN_TYPE = YES_ERROR;
				GCC_WARN_UNDECLARED_SELECTOR = YES;
				GCC_WARN_UNINITIALIZED_AUTOS = YES_AGGRESSIVE;
				GCC_WARN_UNUSED_FUNCTION = YES;
				GCC_WARN_UNUSED_VARIABLE = YES;
				IPHONEOS_DEPLOYMENT_TARGET = 14.4;
				MTL_ENABLE_DEBUG_INFO = NO;
				MTL_FAST_MATH = YES;
				SDKROOT = iphoneos;
				SWIFT_COMPILATION_MODE = wholemodule;
				SWIFT_OPTIMIZATION_LEVEL = "-O";
				VALIDATE_PRODUCT = YES;
			};
			name = Release;
		};
		71A866A32735F04D0001D59F /* Debug */ = {
			isa = XCBuildConfiguration;
			buildSettings = {
				ASSETCATALOG_COMPILER_APPICON_NAME = AppIcon;
				ASSETCATALOG_COMPILER_GLOBAL_ACCENT_COLOR_NAME = AccentColor;
				CODE_SIGN_STYLE = Automatic;
				INFOPLIST_FILE = HelloWorldAppCesarSchool/Info.plist;
				LD_RUNPATH_SEARCH_PATHS = (
					"$(inherited)",
					"@executable_path/Frameworks",
				);
				PRODUCT_BUNDLE_IDENTIFIER = school.cesar.devapps.2021.1.iosbasic.HelloWorldAppCesarSchool;
				PRODUCT_NAME = "$(TARGET_NAME)";
				SWIFT_VERSION = 5.0;
				TARGETED_DEVICE_FAMILY = "1,2";
			};
			name = Debug;
		};
		71A866A42735F04D0001D59F /* Release */ = {
			isa = XCBuildConfiguration;
			buildSettings = {
				ASSETCATALOG_COMPILER_APPICON_NAME = AppIcon;
				ASSETCATALOG_COMPILER_GLOBAL_ACCENT_COLOR_NAME = AccentColor;
				CODE_SIGN_STYLE = Automatic;
				INFOPLIST_FILE = HelloWorldAppCesarSchool/Info.plist;
				LD_RUNPATH_SEARCH_PATHS = (
					"$(inherited)",
					"@executable_path/Frameworks",
				);
				PRODUCT_BUNDLE_IDENTIFIER = school.cesar.devapps.2021.1.iosbasic.HelloWorldAppCesarSchool;
				PRODUCT_NAME = "$(TARGET_NAME)";
				SWIFT_VERSION = 5.0;
				TARGETED_DEVICE_FAMILY = "1,2";
			};
			name = Release;
		};
/* End XCBuildConfiguration section */

/* Begin XCConfigurationList section */
		71A866892735F04A0001D59F /* Build configuration list for PBXProject "HelloWorldAppCesarSchool" */ = {
			isa = XCConfigurationList;
			buildConfigurations = (
				71A866A02735F04D0001D59F /* Debug */,
				71A866A12735F04D0001D59F /* Release */,
			);
			defaultConfigurationIsVisible = 0;
			defaultConfigurationName = Release;
		};
		71A866A22735F04D0001D59F /* Build configuration list for PBXNativeTarget "HelloWorldAppCesarSchool" */ = {
			isa = XCConfigurationList;
			buildConfigurations = (
				71A866A32735F04D0001D59F /* Debug */,
				71A866A42735F04D0001D59F /* Release */,
			);
			defaultConfigurationIsVisible = 0;
			defaultConfigurationName = Release;
		};
/* End XCConfigurationList section */
	};
	rootObject = 71A866862735F04A0001D59F /* Project object */;
}
